{
  "nodes": {
    "home-manager": {
      "inputs": {
        "nixpkgs": [
          "nixpkgs"
        ]
      },
      "locked": {
        "lastModified": 1698069042,
        "narHash": "sha256-L6U8qNhQ3KjQ04voQ+QLQCnFbD5NuIlqC9DO9T7jIZY=",
        "owner": "nix-community",
        "repo": "home-manager",
        "rev": "f540f30f1f3c76b68922550dcf5f78f42732fd37",
        "type": "github"
      },
      "original": {
        "owner": "nix-community",
        "ref": "master",
        "repo": "home-manager",
        "type": "github"
      }
    },
    "nixpkgs": {
      "locked": {
        "lastModified": 1697723726,
        "narHash": "sha256-SaTWPkI8a5xSHX/rrKzUe+/uVNy6zCGMXgoeMb7T9rg=",
        "owner": "nixos",
        "repo": "nixpkgs",
        "rev": "7c9cc5a6e5d38010801741ac830a3f8fd667a7a0",
        "type": "github"
      },
      "original": {
        "owner": "nixos",
        "ref": "nixos-unstable",
        "repo": "nixpkgs",
        "type": "github"
      }
    },
    "plasma-manager": {
      "inputs": {
        "home-manager": [
          "home-manager"
        ],
        "nixpkgs": [
          "nixpkgs"
        ]
      },
      "locked": {
        "lastModified": 1690827734,
        "narHash": "sha256-zcNLTSKGZ5zcx0RQkDKH4dN2MBx+KTfrYN7HfmD0N7c=",
        "owner": "pjones",
        "repo": "plasma-manager",
        "rev": "b6241a2f7c625d0b0bee8e203d78232d0a6535e9",
        "type": "github"
      },
      "original": {
        "owner": "pjones",
        "repo": "plasma-manager",
        "type": "github"
      }
    },
    "root": {
      "inputs": {
        "home-manager": "home-manager",
        "nixpkgs": "nixpkgs",
        "plasma-manager": "plasma-manager"
      }
    }
  },
  "root": "root",
  "version": 7
}
